
Microsoft Visual Studio Solution File, Format Version 12.00
# Visual Studio Version 17
VisualStudioVersion = 17.8.34316.72
MinimumVisualStudioVersion = 10.0.40219.1
Project("{FAE04EC0-301F-11D3-BF4B-00C04F79EFBC}") = "ListaDeCompras", "ListaDeCompras\ListaDeCompras.csproj", "{D10F4B49-787A-4319-8C40-7B1377C01ECC}"
EndProject
Global
	GlobalSection(SolutionConfigurationPlatforms) = preSolution
		Debug|Any CPU = Debug|Any CPU
		Release|Any CPU = Release|Any CPU
	EndGlobalSection
	GlobalSection(ProjectConfigurationPlatforms) = postSolution
		{D10F4B49-787A-4319-8C40-7B1377C01ECC}.Debug|Any CPU.ActiveCfg = Debug|Any CPU
		{D10F4B49-787A-4319-8C40-7B1377C01ECC}.Debug|Any CPU.Build.0 = Debug|Any CPU
		{D10F4B49-787A-4319-8C40-7B1377C01ECC}.Release|Any CPU.ActiveCfg = Release|Any CPU
		{D10F4B49-787A-4319-8C40-7B1377C01ECC}.Release|Any CPU.Build.0 = Release|Any CPU
	EndGlobalSection
	GlobalSection(SolutionProperties) = preSolution
		HideSolutionNode = FALSE
	EndGlobalSection
	GlobalSection(ExtensibilityGlobals) = postSolution
		SolutionGuid = {8F1CE860-C7EA-4E70-986E-9B61EA23FE15}
	EndGlobalSection
EndGlobal
